
Microsoft Visual Studio Solution File, Format Version 12.00
# Visual Studio Version 16
VisualStudioVersion = 16.0.30114.105
MinimumVisualStudioVersion = 10.0.40219.1
Project("{9A19103F-16F7-4668-BE54-9A1E7A4F7556}") = "Auth.IdentityServer", "Auth.IdentityServer\Auth.IdentityServer.csproj", "{69A1B216-E681-4F74-83D0-01281FE32EC0}"
EndProject
Project("{9A19103F-16F7-4668-BE54-9A1E7A4F7556}") = "Auth.Datamodel", "Auth.Datamodel\Auth.Datamodel.csproj", "{E999BE3B-35FC-4790-B314-8689EFB2C802}"
EndProject
Project("{9A19103F-16F7-4668-BE54-9A1E7A4F7556}") = "Auth.Services", "Auth.Services\Auth.Services.csproj", "{A663CCB4-E1C8-47F1-A100-C89FB0FA6895}"
EndProject
Global
	GlobalSection(SolutionConfigurationPlatforms) = preSolution
		Debug|Any CPU = Debug|Any CPU
		Release|Any CPU = Release|Any CPU
	EndGlobalSection
	GlobalSection(ProjectConfigurationPlatforms) = postSolution
		{69A1B216-E681-4F74-83D0-01281FE32EC0}.Debug|Any CPU.ActiveCfg = Debug|Any CPU
		{69A1B216-E681-4F74-83D0-01281FE32EC0}.Debug|Any CPU.Build.0 = Debug|Any CPU
		{69A1B216-E681-4F74-83D0-01281FE32EC0}.Release|Any CPU.ActiveCfg = Release|Any CPU
		{69A1B216-E681-4F74-83D0-01281FE32EC0}.Release|Any CPU.Build.0 = Release|Any CPU
		{E999BE3B-35FC-4790-B314-8689EFB2C802}.Debug|Any CPU.ActiveCfg = Debug|Any CPU
		{E999BE3B-35FC-4790-B314-8689EFB2C802}.Debug|Any CPU.Build.0 = Debug|Any CPU
		{E999BE3B-35FC-4790-B314-8689EFB2C802}.Release|Any CPU.ActiveCfg = Release|Any CPU
		{E999BE3B-35FC-4790-B314-8689EFB2C802}.Release|Any CPU.Build.0 = Release|Any CPU
		{A663CCB4-E1C8-47F1-A100-C89FB0FA6895}.Debug|Any CPU.ActiveCfg = Debug|Any CPU
		{A663CCB4-E1C8-47F1-A100-C89FB0FA6895}.Debug|Any CPU.Build.0 = Debug|Any CPU
		{A663CCB4-E1C8-47F1-A100-C89FB0FA6895}.Release|Any CPU.ActiveCfg = Release|Any CPU
		{A663CCB4-E1C8-47F1-A100-C89FB0FA6895}.Release|Any CPU.Build.0 = Release|Any CPU
	EndGlobalSection
	GlobalSection(SolutionProperties) = preSolution
		HideSolutionNode = FALSE
	EndGlobalSection
	GlobalSection(ExtensibilityGlobals) = postSolution
		SolutionGuid = {197E8A51-A966-4D50-8F40-B457F4AD6156}
	EndGlobalSection
EndGlobal
